
Microsoft Visual Studio Solution File, Format Version 12.00
# Visual Studio Version 17
VisualStudioVersion = 17.13.35825.156 d17.13
MinimumVisualStudioVersion = 10.0.40219.1
Project("{FAE04EC0-301F-11D3-BF4B-00C04F79EFBC}") = "DHL.Client", "DHL.Client\DHL.Client.csproj", "{89EB97BB-299B-46CF-8F94-75E8F0EDA780}"
EndProject
Project("{FAE04EC0-301F-11D3-BF4B-00C04F79EFBC}") = "DHL.Server", "DHL.Server\DHL.Server.csproj", "{EEBA8BB3-3E24-4F1D-BFCE-3274C54ADB6A}"
EndProject
Project("{FAE04EC0-301F-11D3-BF4B-00C04F79EFBC}") = "DHL.Shared", "DHL.Shared\DHL.Shared.csproj", "{A0EFA36E-A970-44D4-BA89-7853204075FD}"
EndProject
Global
	GlobalSection(SolutionConfigurationPlatforms) = preSolution
		Debug|Any CPU = Debug|Any CPU
		Release|Any CPU = Release|Any CPU
	EndGlobalSection
	GlobalSection(ProjectConfigurationPlatforms) = postSolution
		{89EB97BB-299B-46CF-8F94-75E8F0EDA780}.Debug|Any CPU.ActiveCfg = Debug|Any CPU
		{89EB97BB-299B-46CF-8F94-75E8F0EDA780}.Debug|Any CPU.Build.0 = Debug|Any CPU
		{89EB97BB-299B-46CF-8F94-75E8F0EDA780}.Release|Any CPU.ActiveCfg = Release|Any CPU
		{89EB97BB-299B-46CF-8F94-75E8F0EDA780}.Release|Any CPU.Build.0 = Release|Any CPU
		{EEBA8BB3-3E24-4F1D-BFCE-3274C54ADB6A}.Debug|Any CPU.ActiveCfg = Debug|Any CPU
		{EEBA8BB3-3E24-4F1D-BFCE-3274C54ADB6A}.Debug|Any CPU.Build.0 = Debug|Any CPU
		{EEBA8BB3-3E24-4F1D-BFCE-3274C54ADB6A}.Release|Any CPU.ActiveCfg = Release|Any CPU
		{EEBA8BB3-3E24-4F1D-BFCE-3274C54ADB6A}.Release|Any CPU.Build.0 = Release|Any CPU
		{A0EFA36E-A970-44D4-BA89-7853204075FD}.Debug|Any CPU.ActiveCfg = Debug|Any CPU
		{A0EFA36E-A970-44D4-BA89-7853204075FD}.Debug|Any CPU.Build.0 = Debug|Any CPU
		{A0EFA36E-A970-44D4-BA89-7853204075FD}.Release|Any CPU.ActiveCfg = Release|Any CPU
		{A0EFA36E-A970-44D4-BA89-7853204075FD}.Release|Any CPU.Build.0 = Release|Any CPU
	EndGlobalSection
	GlobalSection(SolutionProperties) = preSolution
		HideSolutionNode = FALSE
	EndGlobalSection
	GlobalSection(ExtensibilityGlobals) = postSolution
		SolutionGuid = {EF405A44-595C-471E-BCF1-C55FA4D9C020}
	EndGlobalSection
EndGlobal
